# THIS IS AN AUTOGENERATED FILE. DO NOT EDIT THIS FILE DIRECTLY.
# yarn lockfile v1


local-time@^2.1.0:
  version "2.1.0"
  resolved "https://registry.yarnpkg.com/local-time/-/local-time-2.1.0.tgz#be42f06bf269f9da77cb61ea722aa424dd01d919"
  integrity sha512-4rB/8EkJIZ8O8Y5q536fSsRbzXOI0cL30l3ZKm4ISPC4D8jYOhRp/MpAaGKAYUvVIqkojT0c7kJk0RlnwtlR2w==
